{
  "name": "pr-fungsdashboard-checks",
  "lockfileVersion": 3,
  "requires": true,
  "packages": {
    "": {
      "name": "pr-fungsdashboard-checks",
      "devDependencies": {
        "playwright": "1.62.1"
      }
    },
    "node_modules/playwright": {
      "version": "1.62.1",
      "resolved": "https://registry.npmjs.org/playwright/-/playwright-1.62.1.tgz",
      "dev": true,
      "license": "Apache-2.0",
      "dependencies": {
        "playwright-core": "1.62.1"
      },
      "optionalDependencies": {
        "fsevents": "2.3.2"
      },
      "bin": {
        "playwright": "cli.js"
      },
      "engines": {
        "node": ">=20"
      }
    },
    "node_modules/playwright-core": {
      "version": "1.62.1",
      "resolved": "https://registry.npmjs.org/playwright-core/-/playwright-core-1.62.1.tgz",
      "dev": true,
      "license": "Apache-2.0",
      "bin": {
        "playwright-core": "cli.js"
      },
      "engines": {
        "node": ">=20"
      }
    },
    "node_modules/fsevents": {
      "version": "2.3.2",
      "resolved": "https://registry.npmjs.org/fsevents/-/fsevents-2.3.2.tgz",
      "dev": true,
      "optional": true,
      "hasInstallScript": true,
      "os": [
        "darwin"
      ]
    }
  }
}

